// !$*UTF8*$!
{
	archiveVersion = 1;
	classes = {
	};
	objectVersion = 46;
	objects = {

/* Begin PBXBuildFile section */
		4387B54B1C6A4143004BDB93 /* StreamingContent_ExampleTests.m in Sources */ = {isa = PBXBuildFile; fileRef = 4387B54A1C6A4143004BDB93 /* StreamingContent_ExampleTests.m */; };
		4387B5671C6A4289004BDB93 /* AppDelegate.m in Sources */ = {isa = PBXBuildFile; fileRef = 4387B5571C6A4289004BDB93 /* AppDelegate.m */; };
		4387B5681C6A4289004BDB93 /* Assets.xcassets in Resources */ = {isa = PBXBuildFile; fileRef = 4387B55A1C6A4289004BDB93 /* Assets.xcassets */; };
		4387B56A1C6A4289004BDB93 /* Main.storyboard in Resources */ = {isa = PBXBuildFile; fileRef = 4387B55E1C6A4289004BDB93 /* Main.storyboard */; };
		4387B56C1C6A4289004BDB93 /* main.m in Sources */ = {isa = PBXBuildFile; fileRef = 4387B5621C6A4289004BDB93 /* main.m */; };
		4387B5781C6A5142004BDB93 /* SCEAVPlayerViewControllerViewController.m in Sources */ = {isa = PBXBuildFile; fileRef = 4387B5741C6A5142004BDB93 /* SCEAVPlayerViewControllerViewController.m */; };
		4387B5791C6A5142004BDB93 /* SCEMPMoviePlayerViewController.m in Sources */ = {isa = PBXBuildFile; fileRef = 4387B5771C6A5142004BDB93 /* SCEMPMoviePlayerViewController.m */; };
		4387B57D1C6A51EF004BDB93 /* SCEAVPlayerViewController.m in Sources */ = {isa = PBXBuildFile; fileRef = 4387B57C1C6A51EF004BDB93 /* SCEAVPlayerViewController.m */; };
/* End PBXBuildFile section */

/* Begin PBXContainerItemProxy section */
		4387B5471C6A4143004BDB93 /* PBXContainerItemProxy */ = {
			isa = PBXContainerItemProxy;
			containerPortal = 4387B5251C6A4143004BDB93 /* Project object */;
			proxyType = 1;
			remoteGlobalIDString = 4387B52C1C6A4143004BDB93;
			remoteInfo = "StreamingContent-Example";
		};
/* End PBXContainerItemProxy section */

/* Begin PBXFileReference section */
		4387B52D1C6A4143004BDB93 /* StreamingContent-Example.app */ = {isa = PBXFileReference; explicitFileType = wrapper.application; includeInIndex = 0; path = "StreamingContent-Example.app"; sourceTree = BUILT_PRODUCTS_DIR; };
		4387B5461C6A4143004BDB93 /* StreamingContent-ExampleTests.xctest */ = {isa = PBXFileReference; explicitFileType = wrapper.cfbundle; includeInIndex = 0; path = "StreamingContent-ExampleTests.xctest"; sourceTree = BUILT_PRODUCTS_DIR; };
		4387B54A1C6A4143004BDB93 /* StreamingContent_ExampleTests.m */ = {isa = PBXFileReference; lastKnownFileType = sourcecode.c.objc; path = StreamingContent_ExampleTests.m; sourceTree = "<group>"; };
		4387B54C1C6A4143004BDB93 /* Info.plist */ = {isa = PBXFileReference; lastKnownFileType = text.plist.xml; path = Info.plist; sourceTree = "<group>"; };
		4387B5561C6A4289004BDB93 /* AppDelegate.h */ = {isa = PBXFileReference; fileEncoding = 4; lastKnownFileType = sourcecode.c.h; path = AppDelegate.h; sourceTree = "<group>"; };
		4387B5571C6A4289004BDB93 /* AppDelegate.m */ = {isa = PBXFileReference; fileEncoding = 4; lastKnownFileType = sourcecode.c.objc; path = AppDelegate.m; sourceTree = "<group>"; };
		4387B55A1C6A4289004BDB93 /* Assets.xcassets */ = {isa = PBXFileReference; lastKnownFileType = folder.assetcatalog; path = Assets.xcassets; sourceTree = "<group>"; };
		4387B55F1C6A4289004BDB93 /* Base */ = {isa = PBXFileReference; lastKnownFileType = file.storyboard; name = Base; path = Base.lproj/Main.storyboard; sourceTree = "<group>"; };
		4387B5611C6A4289004BDB93 /* Info.plist */ = {isa = PBXFileReference; fileEncoding = 4; lastKnownFileType = text.plist.xml; path = Info.plist; sourceTree = "<group>"; };
		4387B5621C6A4289004BDB93 /* main.m */ = {isa = PBXFileReference; fileEncoding = 4; lastKnownFileType = sourcecode.c.objc; path = main.m; sourceTree = "<group>"; };
		4387B5731C6A5142004BDB93 /* SCEAVPlayerViewControllerViewController.h */ = {isa = PBXFileReference; fileEncoding = 4; lastKnownFileType = sourcecode.c.h; path = SCEAVPlayerViewControllerViewController.h; sourceTree = "<group>"; };
		4387B5741C6A5142004BDB93 /* SCEAVPlayerViewControllerViewController.m */ = {isa = PBXFileReference; fileEncoding = 4; lastKnownFileType = sourcecode.c.objc; path = SCEAVPlayerViewControllerViewController.m; sourceTree = "<group>"; };
		4387B5761C6A5142004BDB93 /* SCEMPMoviePlayerViewController.h */ = {isa = PBXFileReference; fileEncoding = 4; lastKnownFileType = sourcecode.c.h; path = SCEMPMoviePlayerViewController.h; sourceTree = "<group>"; };
		4387B5771C6A5142004BDB93 /* SCEMPMoviePlayerViewController.m */ = {isa = PBXFileReference; fileEncoding = 4; lastKnownFileType = sourcecode.c.objc; path = SCEMPMoviePlayerViewController.m; sourceTree = "<group>"; };
		4387B57B1C6A51EF004BDB93 /* SCEAVPlayerViewController.h */ = {isa = PBXFileReference; fileEncoding = 4; lastKnownFileType = sourcecode.c.h; path = SCEAVPlayerViewController.h; sourceTree = "<group>"; };
		4387B57C1C6A51EF004BDB93 /* SCEAVPlayerViewController.m */ = {isa = PBXFileReference; fileEncoding = 4; lastKnownFileType = sourcecode.c.objc; path = SCEAVPlayerViewController.m; sourceTree = "<group>"; };
/* End PBXFileReference section */

/* Begin PBXFrameworksBuildPhase section */
		4387B52A1C6A4143004BDB93 /* Frameworks */ = {
			isa = PBXFrameworksBuildPhase;
			buildActionMask = 2147483647;
			files = (
			);
			runOnlyForDeploymentPostprocessing = 0;
		};
		4387B5431C6A4143004BDB93 /* Frameworks */ = {
			isa = PBXFrameworksBuildPhase;
			buildActionMask = 2147483647;
			files = (
			);
			runOnlyForDeploymentPostprocessing = 0;
		};
/* End PBXFrameworksBuildPhase section */

/* Begin PBXGroup section */
		4387B5241C6A4143004BDB93 = {
			isa = PBXGroup;
			children = (
				4387B52F1C6A4143004BDB93 /* StreamingContent-Example */,
				4387B5491C6A4143004BDB93 /* StreamingContent-ExampleTests */,
				4387B52E1C6A4143004BDB93 /* Products */,
			);
			sourceTree = "<group>";
		};
		4387B52E1C6A4143004BDB93 /* Products */ = {
			isa = PBXGroup;
			children = (
				4387B52D1C6A4143004BDB93 /* StreamingContent-Example.app */,
				4387B5461C6A4143004BDB93 /* StreamingContent-ExampleTests.xctest */,
			);
			name = Products;
			sourceTree = "<group>";
		};
		4387B52F1C6A4143004BDB93 /* StreamingContent-Example */ = {
			isa = PBXGroup;
			children = (
				4387B5551C6A4289004BDB93 /* AppDelegate */,
				4387B5581C6A4289004BDB93 /* Resources */,
				4387B5601C6A4289004BDB93 /* SupportingFiles */,
				4387B5631C6A4289004BDB93 /* ViewControllers */,
			);
			path = "StreamingContent-Example";
			sourceTree = "<group>";
		};
		4387B5491C6A4143004BDB93 /* StreamingContent-ExampleTests */ = {
			isa = PBXGroup;
			children = (
				4387B54A1C6A4143004BDB93 /* StreamingContent_ExampleTests.m */,
				4387B54C1C6A4143004BDB93 /* Info.plist */,
			);
			path = "StreamingContent-ExampleTests";
			sourceTree = "<group>";
		};
		4387B5551C6A4289004BDB93 /* AppDelegate */ = {
			isa = PBXGroup;
			children = (
				4387B5561C6A4289004BDB93 /* AppDelegate.h */,
				4387B5571C6A4289004BDB93 /* AppDelegate.m */,
			);
			path = AppDelegate;
			sourceTree = "<group>";
		};
		4387B5581C6A4289004BDB93 /* Resources */ = {
			isa = PBXGroup;
			children = (
				4387B5591C6A4289004BDB93 /* Images */,
				4387B55B1C6A4289004BDB93 /* Storyboards */,
			);
			path = Resources;
			sourceTree = "<group>";
		};
		4387B5591C6A4289004BDB93 /* Images */ = {
			isa = PBXGroup;
			children = (
				4387B55A1C6A4289004BDB93 /* Assets.xcassets */,
			);
			path = Images;
			sourceTree = "<group>";
		};
		4387B55B1C6A4289004BDB93 /* Storyboards */ = {
			isa = PBXGroup;
			children = (
				4387B55E1C6A4289004BDB93 /* Main.storyboard */,
			);
			path = Storyboards;
			sourceTree = "<group>";
		};
		4387B5601C6A4289004BDB93 /* SupportingFiles */ = {
			isa = PBXGroup;
			children = (
				4387B5611C6A4289004BDB93 /* Info.plist */,
				4387B5621C6A4289004BDB93 /* main.m */,
			);
			path = SupportingFiles;
			sourceTree = "<group>";
		};
		4387B5631C6A4289004BDB93 /* ViewControllers */ = {
			isa = PBXGroup;
			children = (
				4387B57A1C6A5177004BDB93 /* AVPlayer */,
				4387B5721C6A5142004BDB93 /* AVPlayerViewController */,
				4387B5751C6A5142004BDB93 /* MPMoviePlayerController */,
			);
			path = ViewControllers;
			sourceTree = "<group>";
		};
		4387B5721C6A5142004BDB93 /* AVPlayerViewController */ = {
			isa = PBXGroup;
			children = (
				4387B5731C6A5142004BDB93 /* SCEAVPlayerViewControllerViewController.h */,
				4387B5741C6A5142004BDB93 /* SCEAVPlayerViewControllerViewController.m */,
			);
			path = AVPlayerViewController;
			sourceTree = "<group>";
		};
		4387B5751C6A5142004BDB93 /* MPMoviePlayerController */ = {
			isa = PBXGroup;
			children = (
				4387B5761C6A5142004BDB93 /* SCEMPMoviePlayerViewController.h */,
				4387B5771C6A5142004BDB93 /* SCEMPMoviePlayerViewController.m */,
			);
			path = MPMoviePlayerController;
			sourceTree = "<group>";
		};
		4387B57A1C6A5177004BDB93 /* AVPlayer */ = {
			isa = PBXGroup;
			children = (
				4387B57B1C6A51EF004BDB93 /* SCEAVPlayerViewController.h */,
				4387B57C1C6A51EF004BDB93 /* SCEAVPlayerViewController.m */,
			);
			path = AVPlayer;
			sourceTree = "<group>";
		};
/* End PBXGroup section */

/* Begin PBXNativeTarget section */
		4387B52C1C6A4143004BDB93 /* StreamingContent-Example */ = {
			isa = PBXNativeTarget;
			buildConfigurationList = 4387B54F1C6A4143004BDB93 /* Build configuration list for PBXNativeTarget "StreamingContent-Example" */;
			buildPhases = (
				4387B5291C6A4143004BDB93 /* Sources */,
				4387B52A1C6A4143004BDB93 /* Frameworks */,
				4387B52B1C6A4143004BDB93 /* Resources */,
			);
			buildRules = (
			);
			dependencies = (
			);
			name = "StreamingContent-Example";
			productName = "StreamingContent-Example";
			productReference = 4387B52D1C6A4143004BDB93 /* StreamingContent-Example.app */;
			productType = "com.apple.product-type.application";
		};
		4387B5451C6A4143004BDB93 /* StreamingContent-ExampleTests */ = {
			isa = PBXNativeTarget;
			buildConfigurationList = 4387B5521C6A4143004BDB93 /* Build configuration list for PBXNativeTarget "StreamingContent-ExampleTests" */;
			buildPhases = (
				4387B5421C6A4143004BDB93 /* Sources */,
				4387B5431C6A4143004BDB93 /* Frameworks */,
				4387B5441C6A4143004BDB93 /* Resources */,
			);
			buildRules = (
			);
			dependencies = (
				4387B5481C6A4143004BDB93 /* PBXTargetDependency */,
			);
			name = "StreamingContent-ExampleTests";
			productName = "StreamingContent-ExampleTests";
			productReference = 4387B5461C6A4143004BDB93 /* StreamingContent-ExampleTests.xctest */;
			productType = "com.apple.product-type.bundle.unit-test";
		};
/* End PBXNativeTarget section */

/* Begin PBXProject section */
		4387B5251C6A4143004BDB93 /* Project object */ = {
			isa = PBXProject;
			attributes = {
				CLASSPREFIX = SCE;
				LastUpgradeCheck = 0720;
				ORGANIZATIONNAME = Boles;
				TargetAttributes = {
					4387B52C1C6A4143004BDB93 = {
						CreatedOnToolsVersion = 7.2.1;
						DevelopmentTeam = 2ZD7MNBBZQ;
					};
					4387B5451C6A4143004BDB93 = {
						CreatedOnToolsVersion = 7.2.1;
						TestTargetID = 4387B52C1C6A4143004BDB93;
					};
				};
			};
			buildConfigurationList = 4387B5281C6A4143004BDB93 /* Build configuration list for PBXProject "StreamingContent-Example" */;
			compatibilityVersion = "Xcode 3.2";
			developmentRegion = English;
			hasScannedForEncodings = 0;
			knownRegions = (
				en,
				Base,
			);
			mainGroup = 4387B5241C6A4143004BDB93;
			productRefGroup = 4387B52E1C6A4143004BDB93 /* Products */;
			projectDirPath = "";
			projectRoot = "";
			targets = (
				4387B52C1C6A4143004BDB93 /* StreamingContent-Example */,
				4387B5451C6A4143004BDB93 /* StreamingContent-ExampleTests */,
			);
		};
/* End PBXProject section */

/* Begin PBXResourcesBuildPhase section */
		4387B52B1C6A4143004BDB93 /* Resources */ = {
			isa = PBXResourcesBuildPhase;
			buildActionMask = 2147483647;
			files = (
				4387B56A1C6A4289004BDB93 /* Main.storyboard in Resources */,
				4387B5681C6A4289004BDB93 /* Assets.xcassets in Resources */,
			);
			runOnlyForDeploymentPostprocessing = 0;
		};
		4387B5441C6A4143004BDB93 /* Resources */ = {
			isa = PBXResourcesBuildPhase;
			buildActionMask = 2147483647;
			files = (
			);
			runOnlyForDeploymentPostprocessing = 0;
		};
/* End PBXResourcesBuildPhase section */

/* Begin PBXSourcesBuildPhase section */
		4387B5291C6A4143004BDB93 /* Sources */ = {
			isa = PBXSourcesBuildPhase;
			buildActionMask = 2147483647;
			files = (
				4387B56C1C6A4289004BDB93 /* main.m in Sources */,
				4387B5671C6A4289004BDB93 /* AppDelegate.m in Sources */,
				4387B57D1C6A51EF004BDB93 /* SCEAVPlayerViewController.m in Sources */,
				4387B5791C6A5142004BDB93 /* SCEMPMoviePlayerViewController.m in Sources */,
				4387B5781C6A5142004BDB93 /* SCEAVPlayerViewControllerViewController.m in Sources */,
			);
			runOnlyForDeploymentPostprocessing = 0;
		};
		4387B5421C6A4143004BDB93 /* Sources */ = {
			isa = PBXSourcesBuildPhase;
			buildActionMask = 2147483647;
			files = (
				4387B54B1C6A4143004BDB93 /* StreamingContent_ExampleTests.m in Sources */,
			);
			runOnlyForDeploymentPostprocessing = 0;
		};
/* End PBXSourcesBuildPhase section */

/* Begin PBXTargetDependency section */
		4387B5481C6A4143004BDB93 /* PBXTargetDependency */ = {
			isa = PBXTargetDependency;
			target = 4387B52C1C6A4143004BDB93 /* StreamingContent-Example */;
			targetProxy = 4387B5471C6A4143004BDB93 /* PBXContainerItemProxy */;
		};
/* End PBXTargetDependency section */

/* Begin PBXVariantGroup section */
		4387B55E1C6A4289004BDB93 /* Main.storyboard */ = {
			isa = PBXVariantGroup;
			children = (
				4387B55F1C6A4289004BDB93 /* Base */,
			);
			name = Main.storyboard;
			sourceTree = "<group>";
		};
/* End PBXVariantGroup section */

/* Begin XCBuildConfiguration section */
		4387B54D1C6A4143004BDB93 /* Debug */ = {
			isa = XCBuildConfiguration;
			buildSettings = {
				ALWAYS_SEARCH_USER_PATHS = NO;
				CLANG_CXX_LANGUAGE_STANDARD = "gnu++0x";
				CLANG_CXX_LIBRARY = "libc++";
				CLANG_ENABLE_MODULES = YES;
				CLANG_ENABLE_OBJC_ARC = YES;
				CLANG_WARN_BOOL_CONVERSION = YES;
				CLANG_WARN_CONSTANT_CONVERSION = YES;
				CLANG_WARN_DIRECT_OBJC_ISA_USAGE = YES_ERROR;
				CLANG_WARN_EMPTY_BODY = YES;
				CLANG_WARN_ENUM_CONVERSION = YES;
				CLANG_WARN_INT_CONVERSION = YES;
				CLANG_WARN_OBJC_ROOT_CLASS = YES_ERROR;
				CLANG_WARN_UNREACHABLE_CODE = YES;
				CLANG_WARN__DUPLICATE_METHOD_MATCH = YES;
				"CODE_SIGN_IDENTITY[sdk=iphoneos*]" = "iPhone Developer";
				COPY_PHASE_STRIP = NO;
				DEBUG_INFORMATION_FORMAT = dwarf;
				ENABLE_STRICT_OBJC_MSGSEND = YES;
				ENABLE_TESTABILITY = YES;
				GCC_C_LANGUAGE_STANDARD = gnu99;
				GCC_DYNAMIC_NO_PIC = NO;
				GCC_NO_COMMON_BLOCKS = YES;
				GCC_OPTIMIZATION_LEVEL = 0;
				GCC_PREPROCESSOR_DEFINITIONS = (
					"DEBUG=1",
					"$(inherited)",
				);
				GCC_WARN_64_TO_32_BIT_CONVERSION = YES;
				GCC_WARN_ABOUT_RETURN_TYPE = YES_ERROR;
				GCC_WARN_UNDECLARED_SELECTOR = YES;
				GCC_WARN_UNINITIALIZED_AUTOS = YES_AGGRESSIVE;
				GCC_WARN_UNUSED_FUNCTION = YES;
				GCC_WARN_UNUSED_VARIABLE = YES;
				IPHONEOS_DEPLOYMENT_TARGET = 9.2;
				MTL_ENABLE_DEBUG_INFO = YES;
				ONLY_ACTIVE_ARCH = YES;
				SDKROOT = iphoneos;
			};
			name = Debug;
		};
		4387B54E1C6A4143004BDB93 /* Release */ = {
			isa = XCBuildConfiguration;
			buildSettings = {
				ALWAYS_SEARCH_USER_PATHS = NO;
				CLANG_CXX_LANGUAGE_STANDARD = "gnu++0x";
				CLANG_CXX_LIBRARY = "libc++";
				CLANG_ENABLE_MODULES = YES;
				CLANG_ENABLE_OBJC_ARC = YES;
				CLANG_WARN_BOOL_CONVERSION = YES;
				CLANG_WARN_CONSTANT_CONVERSION = YES;
				CLANG_WARN_DIRECT_OBJC_ISA_USAGE = YES_ERROR;
				CLANG_WARN_EMPTY_BODY = YES;
				CLANG_WARN_ENUM_CONVERSION = YES;
				CLANG_WARN_INT_CONVERSION = YES;
				CLANG_WARN_OBJC_ROOT_CLASS = YES_ERROR;
				CLANG_WARN_UNREACHABLE_CODE = YES;
				CLANG_WARN__DUPLICATE_METHOD_MATCH = YES;
				"CODE_SIGN_IDENTITY[sdk=iphoneos*]" = "iPhone Developer";
				COPY_PHASE_STRIP = NO;
				DEBUG_INFORMATION_FORMAT = "dwarf-with-dsym";
				ENABLE_NS_ASSERTIONS = NO;
				ENABLE_STRICT_OBJC_MSGSEND = YES;
				GCC_C_LANGUAGE_STANDARD = gnu99;
				GCC_NO_COMMON_BLOCKS = YES;
				GCC_WARN_64_TO_32_BIT_CONVERSION = YES;
				GCC_WARN_ABOUT_RETURN_TYPE = YES_ERROR;
				GCC_WARN_UNDECLARED_SELECTOR = YES;
				GCC_WARN_UNINITIALIZED_AUTOS = YES_AGGRESSIVE;
				GCC_WARN_UNUSED_FUNCTION = YES;
				GCC_WARN_UNUSED_VARIABLE = YES;
				IPHONEOS_DEPLOYMENT_TARGET = 9.2;
				MTL_ENABLE_DEBUG_INFO = NO;
				SDKROOT = iphoneos;
				VALIDATE_PRODUCT = YES;
			};
			name = Release;
		};
		4387B5501C6A4143004BDB93 /* Debug */ = {
			isa = XCBuildConfiguration;
			buildSettings = {
				ASSETCATALOG_COMPILER_APPICON_NAME = AppIcon;
				CODE_SIGN_IDENTITY = "iPhone Developer";
				INFOPLIST_FILE = "StreamingContent-Example/SupportingFiles/Info.plist";
				IPHONEOS_DEPLOYMENT_TARGET = 8.0;
				LD_RUNPATH_SEARCH_PATHS = "$(inherited) @executable_path/Frameworks";
				PRODUCT_BUNDLE_IDENTIFIER = "com.williamboles.StreamingContent-Example";
				PRODUCT_NAME = "$(TARGET_NAME)";
			};
			name = Debug;
		};
		4387B5511C6A4143004BDB93 /* Release */ = {
			isa = XCBuildConfiguration;
			buildSettings = {
				ASSETCATALOG_COMPILER_APPICON_NAME = AppIcon;
				CODE_SIGN_IDENTITY = "iPhone Developer";
				INFOPLIST_FILE = "StreamingContent-Example/SupportingFiles/Info.plist";
				IPHONEOS_DEPLOYMENT_TARGET = 8.0;
				LD_RUNPATH_SEARCH_PATHS = "$(inherited) @executable_path/Frameworks";
				PRODUCT_BUNDLE_IDENTIFIER = "com.williamboles.StreamingContent-Example";
				PRODUCT_NAME = "$(TARGET_NAME)";
			};
			name = Release;
		};
		4387B5531C6A4143004BDB93 /* Debug */ = {
			isa = XCBuildConfiguration;
			buildSettings = {
				BUNDLE_LOADER = "$(TEST_HOST)";
				INFOPLIST_FILE = "StreamingContent-ExampleTests/Info.plist";
				LD_RUNPATH_SEARCH_PATHS = "$(inherited) @executable_path/Frameworks @loader_path/Frameworks";
				PRODUCT_BUNDLE_IDENTIFIER = "com.williamboles.StreamingContent-ExampleTests";
				PRODUCT_NAME = "$(TARGET_NAME)";
				TEST_HOST = "$(BUILT_PRODUCTS_DIR)/StreamingContent-Example.app/StreamingContent-Example";
			};
			name = Debug;
		};
		4387B5541C6A4143004BDB93 /* Release */ = {
			isa = XCBuildConfiguration;
			buildSettings = {
				BUNDLE_LOADER = "$(TEST_HOST)";
				INFOPLIST_FILE = "StreamingContent-ExampleTests/Info.plist";
				LD_RUNPATH_SEARCH_PATHS = "$(inherited) @executable_path/Frameworks @loader_path/Frameworks";
				PRODUCT_BUNDLE_IDENTIFIER = "com.williamboles.StreamingContent-ExampleTests";
				PRODUCT_NAME = "$(TARGET_NAME)";
				TEST_HOST = "$(BUILT_PRODUCTS_DIR)/StreamingContent-Example.app/StreamingContent-Example";
			};
			name = Release;
		};
/* End XCBuildConfiguration section */

/* Begin XCConfigurationList section */
		4387B5281C6A4143004BDB93 /* Build configuration list for PBXProject "StreamingContent-Example" */ = {
			isa = XCConfigurationList;
			buildConfigurations = (
				4387B54D1C6A4143004BDB93 /* Debug */,
				4387B54E1C6A4143004BDB93 /* Release */,
			);
			defaultConfigurationIsVisible = 0;
			defaultConfigurationName = Release;
		};
		4387B54F1C6A4143004BDB93 /* Build configuration list for PBXNativeTarget "StreamingContent-Example" */ = {
			isa = XCConfigurationList;
			buildConfigurations = (
				4387B5501C6A4143004BDB93 /* Debug */,
				4387B5511C6A4143004BDB93 /* Release */,
			);
			defaultConfigurationIsVisible = 0;
			defaultConfigurationName = Release;
		};
		4387B5521C6A4143004BDB93 /* Build configuration list for PBXNativeTarget "StreamingContent-ExampleTests" */ = {
			isa = XCConfigurationList;
			buildConfigurations = (
				4387B5531C6A4143004BDB93 /* Debug */,
				4387B5541C6A4143004BDB93 /* Release */,
			);
			defaultConfigurationIsVisible = 0;
			defaultConfigurationName = Release;
		};
/* End XCConfigurationList section */
	};
	rootObject = 4387B5251C6A4143004BDB93 /* Project object */;
}
